{
  "name": "e5e",
  "version": "1.0.0",
  "lockfileVersion": 2,
  "requires": true,
  "packages": {
    "": {
      "name": "e5e",
      "version": "1.0.0",
      "license": "ISC",
      "dependencies": {
        "fast-geoip": "^1.1.76"
      }
    },
    "node_modules/fast-geoip": {
      "version": "1.1.76",
      "resolved": "https://registry.npmjs.org/fast-geoip/-/fast-geoip-1.1.76.tgz",
      "integrity": "sha512-nRW5KEX7upwhtAmE4QuFy4F65+y1Qd8NTci3ZO9kLoM/eLWH43bF0rhqOfEwpNipaNk1S5LTx5JTMVpMpAOafg=="
    }
  },
  "dependencies": {
    "fast-geoip": {
      "version": "1.1.76",
      "resolved": "https://registry.npmjs.org/fast-geoip/-/fast-geoip-1.1.76.tgz",
      "integrity": "sha512-nRW5KEX7upwhtAmE4QuFy4F65+y1Qd8NTci3ZO9kLoM/eLWH43bF0rhqOfEwpNipaNk1S5LTx5JTMVpMpAOafg=="
    }
  }
}
